Microsoft Visual Studio Solution File, Format Version 12.00
# Visual Studio 15
VisualStudioVersion = 15.0.27004.2008
MinimumVisualStudioVersion = 15.0.26124.0
Project("{9A19103F-16F7-4668-BE54-9A1E7A4F7556}") = "Proto.Serialization.Json", "Proto.Serialization.Json\Proto.Serialization.Json.csproj", "{E901D1A7-A985-4A7D-8B14-39BD9CEB840D}"
EndProject
Project("{2150E333-8FDC-42A3-9474-1A3956D46DE8}") = ".build", ".build", "{C6AE9568-906A-4FAA-9DE3-46F9AF02FA9E}"
	ProjectSection(SolutionItems) = preProject
		..\build.fsx = ..\build.fsx
		..\build.tools.fsx = ..\build.tools.fsx
		..\CHANGES.md = ..\CHANGES.md
		..\paket.dependencies = ..\paket.dependencies
		..\README.md = ..\README.md
		..\Common.targets = ..\Common.targets
	EndProjectSection
EndProject
Global
	GlobalSection(SolutionConfigurationPlatforms) = preSolution
		Debug|Any CPU = Debug|Any CPU
		Debug|x64 = Debug|x64
		Debug|x86 = Debug|x86
		Release|Any CPU = Release|Any CPU
		Release|x64 = Release|x64
		Release|x86 = Release|x86
	EndGlobalSection
	GlobalSection(ProjectConfigurationPlatforms) = postSolution
		{E901D1A7-A985-4A7D-8B14-39BD9CEB840D}.Debug|Any CPU.ActiveCfg = Debug|Any CPU
		{E901D1A7-A985-4A7D-8B14-39BD9CEB840D}.Debug|Any CPU.Build.0 = Debug|Any CPU
		{E901D1A7-A985-4A7D-8B14-39BD9CEB840D}.Debug|x64.ActiveCfg = Debug|Any CPU
		{E901D1A7-A985-4A7D-8B14-39BD9CEB840D}.Debug|x64.Build.0 = Debug|Any CPU
		{E901D1A7-A985-4A7D-8B14-39BD9CEB840D}.Debug|x86.ActiveCfg = Debug|Any CPU
		{E901D1A7-A985-4A7D-8B14-39BD9CEB840D}.Debug|x86.Build.0 = Debug|Any CPU
		{E901D1A7-A985-4A7D-8B14-39BD9CEB840D}.Release|Any CPU.ActiveCfg = Release|Any CPU
		{E901D1A7-A985-4A7D-8B14-39BD9CEB840D}.Release|Any CPU.Build.0 = Release|Any CPU
		{E901D1A7-A985-4A7D-8B14-39BD9CEB840D}.Release|x64.ActiveCfg = Release|Any CPU
		{E901D1A7-A985-4A7D-8B14-39BD9CEB840D}.Release|x64.Build.0 = Release|Any CPU
		{E901D1A7-A985-4A7D-8B14-39BD9CEB840D}.Release|x86.ActiveCfg = Release|Any CPU
		{E901D1A7-A985-4A7D-8B14-39BD9CEB840D}.Release|x86.Build.0 = Release|Any CPU
	EndGlobalSection
	GlobalSection(SolutionProperties) = preSolution
		HideSolutionNode = FALSE
	EndGlobalSection
	GlobalSection(ExtensibilityGlobals) = postSolution
		SolutionGuid = {3CC4D8EA-589C-499C-9342-9F5CF7D65B04}
	EndGlobalSection
EndGlobal
